{
  "name": "jayjyvr.github.io",
  "version": "1.0.0",
  "lockfileVersion": 1,
  "requires": true,
  "dependencies": {
    "simplestatemanager": {
      "version": "4.1.1",
      "resolved": "https://registry.npmjs.org/simplestatemanager/-/simplestatemanager-4.1.1.tgz",
      "integrity": "sha512-RRhB4rPEU10dwERLLrOTx3rdKW6sLHTsYpr+SBKoh/Vl4XETgNnux45+wgX59M1cDiJQX/CuMVu0eOWFSDECDg=="
    }
  }
}
